
Microsoft Visual Studio Solution File, Format Version 12.00
# Visual Studio Version 17
VisualStudioVersion = 17.11.35303.130
MinimumVisualStudioVersion = 10.0.40219.1
Project("{2150E333-8FDC-42A3-9474-1A3956D46DE8}") = "UserMgtService", "UserMgtService", "{431FF89D-FA1B-4B04-8175-A74DB74EED86}"
EndProject
Project("{2150E333-8FDC-42A3-9474-1A3956D46DE8}") = "AccountMgtService", "AccountMgtService", "{2CF059ED-903A-4DED-81D0-47FC91788DF8}"
EndProject
Project("{9A19103F-16F7-4668-BE54-9A1E7A4F7556}") = "UserMgtService.API", "UserMgtService\UserMgtService.API\UserMgtService.API.csproj", "{2BE32D54-F820-4716-8F61-354035326080}"
EndProject
Project("{9A19103F-16F7-4668-BE54-9A1E7A4F7556}") = "UserMgtService.Application", "UserMgtService\UserMgtService.Application\UserMgtService.Application.csproj", "{08AB8924-4E00-45FF-A808-ACA2A0E88DED}"
EndProject
Project("{9A19103F-16F7-4668-BE54-9A1E7A4F7556}") = "UserMgtService.Infrastructure", "UserMgtService\UserMgtService.Infrastructure\UserMgtService.Infrastructure.csproj", "{A4FC2A6D-5CFC-4EDA-89D1-8B28E5CE1003}"
EndProject
Project("{9A19103F-16F7-4668-BE54-9A1E7A4F7556}") = "UserMgtService.Models", "UserMgtService\UserMgtService.Models\UserMgtService.Models.csproj", "{673FCC6D-2546-4547-AE46-5BB6B845CB9E}"
EndProject
Project("{9A19103F-16F7-4668-BE54-9A1E7A4F7556}") = "AccountMgt.API", "AccountMgtService\AccountMgt.API\AccountMgt.API.csproj", "{E7A08B18-C8F1-4DF2-BE7A-ED5AF3436EA2}"
EndProject
Project("{9A19103F-16F7-4668-BE54-9A1E7A4F7556}") = "AccountMgt.Application", "AccountMgtService\AccountMgt.Application\AccountMgt.Application.csproj", "{598278F5-718A-42B1-AD83-B87C1536E4F0}"
EndProject
Project("{9A19103F-16F7-4668-BE54-9A1E7A4F7556}") = "AccountMgt.Infrastructure", "AccountMgtService\AccountMgt.Infrastructure\AccountMgt.Infrastructure.csproj", "{75CCED0E-3F3D-4D85-8CAD-61056E6A07C1}"
EndProject
Project("{9A19103F-16F7-4668-BE54-9A1E7A4F7556}") = "AccountMgt.Models", "AccountMgtService\AccountMgt.Models\AccountMgt.Models.csproj", "{75F65219-B7A9-48A8-A89A-3CF0A776E7EA}"
EndProject
Project("{FAE04EC0-301F-11D3-BF4B-00C04F79EFBC}") = "AccountMgt.Subscriber", "AccountMgtService\AccountMgt.Subscriber\AccountMgt.Subscriber.csproj", "{767152C9-6E46-4201-B9A2-5A089B528CCD}"
EndProject
Global
	GlobalSection(SolutionConfigurationPlatforms) = preSolution
		Debug|Any CPU = Debug|Any CPU
		Release|Any CPU = Release|Any CPU
	EndGlobalSection
	GlobalSection(ProjectConfigurationPlatforms) = postSolution
		{2BE32D54-F820-4716-8F61-354035326080}.Debug|Any CPU.ActiveCfg = Debug|Any CPU
		{2BE32D54-F820-4716-8F61-354035326080}.Debug|Any CPU.Build.0 = Debug|Any CPU
		{2BE32D54-F820-4716-8F61-354035326080}.Release|Any CPU.ActiveCfg = Release|Any CPU
		{2BE32D54-F820-4716-8F61-354035326080}.Release|Any CPU.Build.0 = Release|Any CPU
		{08AB8924-4E00-45FF-A808-ACA2A0E88DED}.Debug|Any CPU.ActiveCfg = Debug|Any CPU
		{08AB8924-4E00-45FF-A808-ACA2A0E88DED}.Debug|Any CPU.Build.0 = Debug|Any CPU
		{08AB8924-4E00-45FF-A808-ACA2A0E88DED}.Release|Any CPU.ActiveCfg = Release|Any CPU
		{08AB8924-4E00-45FF-A808-ACA2A0E88DED}.Release|Any CPU.Build.0 = Release|Any CPU
		{A4FC2A6D-5CFC-4EDA-89D1-8B28E5CE1003}.Debug|Any CPU.ActiveCfg = Debug|Any CPU
		{A4FC2A6D-5CFC-4EDA-89D1-8B28E5CE1003}.Debug|Any CPU.Build.0 = Debug|Any CPU
		{A4FC2A6D-5CFC-4EDA-89D1-8B28E5CE1003}.Release|Any CPU.ActiveCfg = Release|Any CPU
		{A4FC2A6D-5CFC-4EDA-89D1-8B28E5CE1003}.Release|Any CPU.Build.0 = Release|Any CPU
		{673FCC6D-2546-4547-AE46-5BB6B845CB9E}.Debug|Any CPU.ActiveCfg = Debug|Any CPU
		{673FCC6D-2546-4547-AE46-5BB6B845CB9E}.Debug|Any CPU.Build.0 = Debug|Any CPU
		{673FCC6D-2546-4547-AE46-5BB6B845CB9E}.Release|Any CPU.ActiveCfg = Release|Any CPU
		{673FCC6D-2546-4547-AE46-5BB6B845CB9E}.Release|Any CPU.Build.0 = Release|Any CPU
		{E7A08B18-C8F1-4DF2-BE7A-ED5AF3436EA2}.Debug|Any CPU.ActiveCfg = Debug|Any CPU
		{E7A08B18-C8F1-4DF2-BE7A-ED5AF3436EA2}.Debug|Any CPU.Build.0 = Debug|Any CPU
		{E7A08B18-C8F1-4DF2-BE7A-ED5AF3436EA2}.Release|Any CPU.ActiveCfg = Release|Any CPU
		{E7A08B18-C8F1-4DF2-BE7A-ED5AF3436EA2}.Release|Any CPU.Build.0 = Release|Any CPU
		{598278F5-718A-42B1-AD83-B87C1536E4F0}.Debug|Any CPU.ActiveCfg = Debug|Any CPU
		{598278F5-718A-42B1-AD83-B87C1536E4F0}.Debug|Any CPU.Build.0 = Debug|Any CPU
		{598278F5-718A-42B1-AD83-B87C1536E4F0}.Release|Any CPU.ActiveCfg = Release|Any CPU
		{598278F5-718A-42B1-AD83-B87C1536E4F0}.Release|Any CPU.Build.0 = Release|Any CPU
		{75CCED0E-3F3D-4D85-8CAD-61056E6A07C1}.Debug|Any CPU.ActiveCfg = Debug|Any CPU
		{75CCED0E-3F3D-4D85-8CAD-61056E6A07C1}.Debug|Any CPU.Build.0 = Debug|Any CPU
		{75CCED0E-3F3D-4D85-8CAD-61056E6A07C1}.Release|Any CPU.ActiveCfg = Release|Any CPU
		{75CCED0E-3F3D-4D85-8CAD-61056E6A07C1}.Release|Any CPU.Build.0 = Release|Any CPU
		{75F65219-B7A9-48A8-A89A-3CF0A776E7EA}.Debug|Any CPU.ActiveCfg = Debug|Any CPU
		{75F65219-B7A9-48A8-A89A-3CF0A776E7EA}.Debug|Any CPU.Build.0 = Debug|Any CPU
		{75F65219-B7A9-48A8-A89A-3CF0A776E7EA}.Release|Any CPU.ActiveCfg = Release|Any CPU
		{75F65219-B7A9-48A8-A89A-3CF0A776E7EA}.Release|Any CPU.Build.0 = Release|Any CPU
		{767152C9-6E46-4201-B9A2-5A089B528CCD}.Debug|Any CPU.ActiveCfg = Debug|Any CPU
		{767152C9-6E46-4201-B9A2-5A089B528CCD}.Debug|Any CPU.Build.0 = Debug|Any CPU
		{767152C9-6E46-4201-B9A2-5A089B528CCD}.Release|Any CPU.ActiveCfg = Release|Any CPU
		{767152C9-6E46-4201-B9A2-5A089B528CCD}.Release|Any CPU.Build.0 = Release|Any CPU
	EndGlobalSection
	GlobalSection(SolutionProperties) = preSolution
		HideSolutionNode = FALSE
	EndGlobalSection
	GlobalSection(NestedProjects) = preSolution
		{2BE32D54-F820-4716-8F61-354035326080} = {431FF89D-FA1B-4B04-8175-A74DB74EED86}
		{08AB8924-4E00-45FF-A808-ACA2A0E88DED} = {431FF89D-FA1B-4B04-8175-A74DB74EED86}
		{A4FC2A6D-5CFC-4EDA-89D1-8B28E5CE1003} = {431FF89D-FA1B-4B04-8175-A74DB74EED86}
		{673FCC6D-2546-4547-AE46-5BB6B845CB9E} = {431FF89D-FA1B-4B04-8175-A74DB74EED86}
		{E7A08B18-C8F1-4DF2-BE7A-ED5AF3436EA2} = {2CF059ED-903A-4DED-81D0-47FC91788DF8}
		{598278F5-718A-42B1-AD83-B87C1536E4F0} = {2CF059ED-903A-4DED-81D0-47FC91788DF8}
		{75CCED0E-3F3D-4D85-8CAD-61056E6A07C1} = {2CF059ED-903A-4DED-81D0-47FC91788DF8}
		{75F65219-B7A9-48A8-A89A-3CF0A776E7EA} = {2CF059ED-903A-4DED-81D0-47FC91788DF8}
		{767152C9-6E46-4201-B9A2-5A089B528CCD} = {2CF059ED-903A-4DED-81D0-47FC91788DF8}
	EndGlobalSection
	GlobalSection(ExtensibilityGlobals) = postSolution
		SolutionGuid = {1A7DFA33-15CF-4BE2-A654-75DAEE46C880}
	EndGlobalSection
EndGlobal
